// !$*UTF8*$!
{
	archiveVersion = 1;
	classes = {
	};
	objectVersion = 50;
	objects = {

/* Begin PBXBuildFile section */
		AF0A76F226124E5B0049280F /* Local Notifications.swift in Sources */ = {isa = PBXBuildFile; fileRef = AF0A76F126124E5B0049280F /* Local Notifications.swift */; };
		AF0A76FA26131C700049280F /* HistoryViewController.swift in Sources */ = {isa = PBXBuildFile; fileRef = AF0A76F926131C700049280F /* HistoryViewController.swift */; };
		AF0A76FF26131C7F0049280F /* HistoryTableViewCell.swift in Sources */ = {isa = PBXBuildFile; fileRef = AF0A76FE26131C7F0049280F /* HistoryTableViewCell.swift */; };
		AF0A770426131DA50049280F /* DataModel.swift in Sources */ = {isa = PBXBuildFile; fileRef = AF0A770326131DA50049280F /* DataModel.swift */; };
		AF911A0D2611F9C7003A26FC /* AppDelegate.swift in Sources */ = {isa = PBXBuildFile; fileRef = AF911A0C2611F9C7003A26FC /* AppDelegate.swift */; };
		AF911A0F2611F9C7003A26FC /* SceneDelegate.swift in Sources */ = {isa = PBXBuildFile; fileRef = AF911A0E2611F9C7003A26FC /* SceneDelegate.swift */; };
		AF911A112611F9C7003A26FC /* StartViewController.swift in Sources */ = {isa = PBXBuildFile; fileRef = AF911A102611F9C7003A26FC /* StartViewController.swift */; };
		AF911A142611F9C7003A26FC /* Main.storyboard in Resources */ = {isa = PBXBuildFile; fileRef = AF911A122611F9C7003A26FC /* Main.storyboard */; };
		AF911A162611F9C8003A26FC /* Assets.xcassets in Resources */ = {isa = PBXBuildFile; fileRef = AF911A152611F9C8003A26FC /* Assets.xcassets */; };
		AF911A192611F9C8003A26FC /* LaunchScreen.storyboard in Resources */ = {isa = PBXBuildFile; fileRef = AF911A172611F9C8003A26FC /* LaunchScreen.storyboard */; };
		AF911A242611F9C8003A26FC /* DrynkTests.swift in Sources */ = {isa = PBXBuildFile; fileRef = AF911A232611F9C8003A26FC /* DrynkTests.swift */; };
		AF911A2F2611F9C8003A26FC /* DrynkUITests.swift in Sources */ = {isa = PBXBuildFile; fileRef = AF911A2E2611F9C8003A26FC /* DrynkUITests.swift */; };
		AF911A402611FE86003A26FC /* Switcher.swift in Sources */ = {isa = PBXBuildFile; fileRef = AF911A3F2611FE86003A26FC /* Switcher.swift */; };
		AF911A482611FF6D003A26FC /* CountViewController.swift in Sources */ = {isa = PBXBuildFile; fileRef = AF911A472611FF6D003A26FC /* CountViewController.swift */; };
		AF911A4D2611FFB9003A26FC /* AppConstants.swift in Sources */ = {isa = PBXBuildFile; fileRef = AF911A4C2611FFB9003A26FC /* AppConstants.swift */; };
		AF911A522612054A003A26FC /* SetDetailsViewController.swift in Sources */ = {isa = PBXBuildFile; fileRef = AF911A512612054A003A26FC /* SetDetailsViewController.swift */; };
		AF911A57261205CA003A26FC /* UserData.swift in Sources */ = {isa = PBXBuildFile; fileRef = AF911A56261205CA003A26FC /* UserData.swift */; };
		AF911A5C26120CEA003A26FC /* AlertTrigger.swift in Sources */ = {isa = PBXBuildFile; fileRef = AF911A5B26120CEA003A26FC /* AlertTrigger.swift */; };
/* End PBXBuildFile section */

/* Begin PBXContainerItemProxy section */
		AF911A202611F9C8003A26FC /* PBXContainerItemProxy */ = {
			isa = PBXContainerItemProxy;
			containerPortal = AF911A012611F9C7003A26FC /* Project object */;
			proxyType = 1;
			remoteGlobalIDString = AF911A082611F9C7003A26FC;
			remoteInfo = Drynk;
		};
		AF911A2B2611F9C8003A26FC /* PBXContainerItemProxy */ = {
			isa = PBXContainerItemProxy;
			containerPortal = AF911A012611F9C7003A26FC /* Project object */;
			proxyType = 1;
			remoteGlobalIDString = AF911A082611F9C7003A26FC;
			remoteInfo = Drynk;
		};
/* End PBXContainerItemProxy section */

/* Begin PBXFileReference section */
		AF0A76F126124E5B0049280F /* Local Notifications.swift */ = {isa = PBXFileReference; lastKnownFileType = sourcecode.swift; path = "Local Notifications.swift"; sourceTree = "<group>"; };
		AF0A76F926131C700049280F /* HistoryViewController.swift */ = {isa = PBXFileReference; lastKnownFileType = sourcecode.swift; path = HistoryViewController.swift; sourceTree = "<group>"; };
		AF0A76FE26131C7F0049280F /* HistoryTableViewCell.swift */ = {isa = PBXFileReference; lastKnownFileType = sourcecode.swift; path = HistoryTableViewCell.swift; sourceTree = "<group>"; };
		AF0A770326131DA50049280F /* DataModel.swift */ = {isa = PBXFileReference; lastKnownFileType = sourcecode.swift; path = DataModel.swift; sourceTree = "<group>"; };
		AF911A092611F9C7003A26FC /* Drynk.app */ = {isa = PBXFileReference; explicitFileType = wrapper.application; includeInIndex = 0; path = Drynk.app; sourceTree = BUILT_PRODUCTS_DIR; };
		AF911A0C2611F9C7003A26FC /* AppDelegate.swift */ = {isa = PBXFileReference; lastKnownFileType = sourcecode.swift; path = AppDelegate.swift; sourceTree = "<group>"; };
		AF911A0E2611F9C7003A26FC /* SceneDelegate.swift */ = {isa = PBXFileReference; lastKnownFileType = sourcecode.swift; path = SceneDelegate.swift; sourceTree = "<group>"; };
		AF911A102611F9C7003A26FC /* StartViewController.swift */ = {isa = PBXFileReference; lastKnownFileType = sourcecode.swift; path = StartViewController.swift; sourceTree = "<group>"; };
		AF911A132611F9C7003A26FC /* Base */ = {isa = PBXFileReference; lastKnownFileType = file.storyboard; name = Base; path = Base.lproj/Main.storyboard; sourceTree = "<group>"; };
		AF911A152611F9C8003A26FC /* Assets.xcassets */ = {isa = PBXFileReference; lastKnownFileType = folder.assetcatalog; path = Assets.xcassets; sourceTree = "<group>"; };
		AF911A182611F9C8003A26FC /* Base */ = {isa = PBXFileReference; lastKnownFileType = file.storyboard; name = Base; path = Base.lproj/LaunchScreen.storyboard; sourceTree = "<group>"; };
		AF911A1A2611F9C8003A26FC /* Info.plist */ = {isa = PBXFileReference; lastKnownFileType = text.plist.xml; path = Info.plist; sourceTree = "<group>"; };
		AF911A1F2611F9C8003A26FC /* DrynkTests.xctest */ = {isa = PBXFileReference; explicitFileType = wrapper.cfbundle; includeInIndex = 0; path = DrynkTests.xctest; sourceTree = BUILT_PRODUCTS_DIR; };
		AF911A232611F9C8003A26FC /* DrynkTests.swift */ = {isa = PBXFileReference; lastKnownFileType = sourcecode.swift; path = DrynkTests.swift; sourceTree = "<group>"; };
		AF911A252611F9C8003A26FC /* Info.plist */ = {isa = PBXFileReference; lastKnownFileType = text.plist.xml; path = Info.plist; sourceTree = "<group>"; };
		AF911A2A2611F9C8003A26FC /* DrynkUITests.xctest */ = {isa = PBXFileReference; explicitFileType = wrapper.cfbundle; includeInIndex = 0; path = DrynkUITests.xctest; sourceTree = BUILT_PRODUCTS_DIR; };
		AF911A2E2611F9C8003A26FC /* DrynkUITests.swift */ = {isa = PBXFileReference; lastKnownFileType = sourcecode.swift; path = DrynkUITests.swift; sourceTree = "<group>"; };
		AF911A302611F9C8003A26FC /* Info.plist */ = {isa = PBXFileReference; lastKnownFileType = text.plist.xml; path = Info.plist; sourceTree = "<group>"; };
		AF911A3F2611FE86003A26FC /* Switcher.swift */ = {isa = PBXFileReference; lastKnownFileType = sourcecode.swift; path = Switcher.swift; sourceTree = "<group>"; };
		AF911A472611FF6D003A26FC /* CountViewController.swift */ = {isa = PBXFileReference; lastKnownFileType = sourcecode.swift; path = CountViewController.swift; sourceTree = "<group>"; };
		AF911A4C2611FFB9003A26FC /* AppConstants.swift */ = {isa = PBXFileReference; lastKnownFileType = sourcecode.swift; path = AppConstants.swift; sourceTree = "<group>"; };
		AF911A512612054A003A26FC /* SetDetailsViewController.swift */ = {isa = PBXFileReference; lastKnownFileType = sourcecode.swift; path = SetDetailsViewController.swift; sourceTree = "<group>"; };
		AF911A56261205CA003A26FC /* UserData.swift */ = {isa = PBXFileReference; lastKnownFileType = sourcecode.swift; path = UserData.swift; sourceTree = "<group>"; };
		AF911A5B26120CEA003A26FC /* AlertTrigger.swift */ = {isa = PBXFileReference; lastKnownFileType = sourcecode.swift; path = AlertTrigger.swift; sourceTree = "<group>"; };
/* End PBXFileReference section */

/* Begin PBXFrameworksBuildPhase section */
		AF911A062611F9C7003A26FC /* Frameworks */ = {
			isa = PBXFrameworksBuildPhase;
			buildActionMask = 2147483647;
			files = (
			);
			runOnlyForDeploymentPostprocessing = 0;
		};
		AF911A1C2611F9C8003A26FC /* Frameworks */ = {
			isa = PBXFrameworksBuildPhase;
			buildActionMask = 2147483647;
			files = (
			);
			runOnlyForDeploymentPostprocessing = 0;
		};
		AF911A272611F9C8003A26FC /* Frameworks */ = {
			isa = PBXFrameworksBuildPhase;
			buildActionMask = 2147483647;
			files = (
			);
			runOnlyForDeploymentPostprocessing = 0;
		};
/* End PBXFrameworksBuildPhase section */

/* Begin PBXGroup section */
		AF0A770B26133BDD0049280F /* History */ = {
			isa = PBXGroup;
			children = (
				AF0A76F926131C700049280F /* HistoryViewController.swift */,
				AF0A76FE26131C7F0049280F /* HistoryTableViewCell.swift */,
			);
			path = History;
			sourceTree = "<group>";
		};
		AF0A770F26133BF20049280F /* Controller */ = {
			isa = PBXGroup;
			children = (
				AF0A770B26133BDD0049280F /* History */,
				AF911A102611F9C7003A26FC /* StartViewController.swift */,
				AF911A472611FF6D003A26FC /* CountViewController.swift */,
				AF911A512612054A003A26FC /* SetDetailsViewController.swift */,
			);
			path = Controller;
			sourceTree = "<group>";
		};
		AF0A771326133C100049280F /* Model */ = {
			isa = PBXGroup;
			children = (
				AF911A4C2611FFB9003A26FC /* AppConstants.swift */,
				AF911A56261205CA003A26FC /* UserData.swift */,
				AF0A770326131DA50049280F /* DataModel.swift */,
			);
			path = Model;
			sourceTree = "<group>";
		};
		AF0A771726133C290049280F /* View */ = {
			isa = PBXGroup;
			children = (
				AF911A122611F9C7003A26FC /* Main.storyboard */,
				AF911A152611F9C8003A26FC /* Assets.xcassets */,
				AF911A172611F9C8003A26FC /* LaunchScreen.storyboard */,
			);
			path = View;
			sourceTree = "<group>";
		};
		AF0A771826133C3D0049280F /* Utilities */ = {
			isa = PBXGroup;
			children = (
				AF911A0C2611F9C7003A26FC /* AppDelegate.swift */,
				AF911A0E2611F9C7003A26FC /* SceneDelegate.swift */,
				AF911A3F2611FE86003A26FC /* Switcher.swift */,
				AF911A5B26120CEA003A26FC /* AlertTrigger.swift */,
				AF0A76F126124E5B0049280F /* Local Notifications.swift */,
				AF911A1A2611F9C8003A26FC /* Info.plist */,
			);
			path = Utilities;
			sourceTree = "<group>";
		};
		AF911A002611F9C7003A26FC = {
			isa = PBXGroup;
			children = (
				AF911A0B2611F9C7003A26FC /* Drynk */,
				AF911A222611F9C8003A26FC /* DrynkTests */,
				AF911A2D2611F9C8003A26FC /* DrynkUITests */,
				AF911A0A2611F9C7003A26FC /* Products */,
			);
			sourceTree = "<group>";
		};
		AF911A0A2611F9C7003A26FC /* Products */ = {
			isa = PBXGroup;
			children = (
				AF911A092611F9C7003A26FC /* Drynk.app */,
				AF911A1F2611F9C8003A26FC /* DrynkTests.xctest */,
				AF911A2A2611F9C8003A26FC /* DrynkUITests.xctest */,
			);
			name = Products;
			sourceTree = "<group>";
		};
		AF911A0B2611F9C7003A26FC /* Drynk */ = {
			isa = PBXGroup;
			children = (
				AF0A771826133C3D0049280F /* Utilities */,
				AF0A770F26133BF20049280F /* Controller */,
				AF0A771726133C290049280F /* View */,
				AF0A771326133C100049280F /* Model */,
			);
			path = Drynk;
			sourceTree = "<group>";
		};
		AF911A222611F9C8003A26FC /* DrynkTests */ = {
			isa = PBXGroup;
			children = (
				AF911A232611F9C8003A26FC /* DrynkTests.swift */,
				AF911A252611F9C8003A26FC /* Info.plist */,
			);
			path = DrynkTests;
			sourceTree = "<group>";
		};
		AF911A2D2611F9C8003A26FC /* DrynkUITests */ = {
			isa = PBXGroup;
			children = (
				AF911A2E2611F9C8003A26FC /* DrynkUITests.swift */,
				AF911A302611F9C8003A26FC /* Info.plist */,
			);
			path = DrynkUITests;
			sourceTree = "<group>";
		};
/* End PBXGroup section */

/* Begin PBXNativeTarget section */
		AF911A082611F9C7003A26FC /* Drynk */ = {
			isa = PBXNativeTarget;
			buildConfigurationList = AF911A332611F9C8003A26FC /* Build configuration list for PBXNativeTarget "Drynk" */;
			buildPhases = (
				AF911A052611F9C7003A26FC /* Sources */,
				AF911A062611F9C7003A26FC /* Frameworks */,
				AF911A072611F9C7003A26FC /* Resources */,
			);
			buildRules = (
			);
			dependencies = (
			);
			name = Drynk;
			productName = Drynk;
			productReference = AF911A092611F9C7003A26FC /* Drynk.app */;
			productType = "com.apple.product-type.application";
		};
		AF911A1E2611F9C8003A26FC /* DrynkTests */ = {
			isa = PBXNativeTarget;
			buildConfigurationList = AF911A362611F9C8003A26FC /* Build configuration list for PBXNativeTarget "DrynkTests" */;
			buildPhases = (
				AF911A1B2611F9C8003A26FC /* Sources */,
				AF911A1C2611F9C8003A26FC /* Frameworks */,
				AF911A1D2611F9C8003A26FC /* Resources */,
			);
			buildRules = (
			);
			dependencies = (
				AF911A212611F9C8003A26FC /* PBXTargetDependency */,
			);
			name = DrynkTests;
			productName = DrynkTests;
			productReference = AF911A1F2611F9C8003A26FC /* DrynkTests.xctest */;
			productType = "com.apple.product-type.bundle.unit-test";
		};
		AF911A292611F9C8003A26FC /* DrynkUITests */ = {
			isa = PBXNativeTarget;
			buildConfigurationList = AF911A392611F9C8003A26FC /* Build configuration list for PBXNativeTarget "DrynkUITests" */;
			buildPhases = (
				AF911A262611F9C8003A26FC /* Sources */,
				AF911A272611F9C8003A26FC /* Frameworks */,
				AF911A282611F9C8003A26FC /* Resources */,
			);
			buildRules = (
			);
			dependencies = (
				AF911A2C2611F9C8003A26FC /* PBXTargetDependency */,
			);
			name = DrynkUITests;
			productName = DrynkUITests;
			productReference = AF911A2A2611F9C8003A26FC /* DrynkUITests.xctest */;
			productType = "com.apple.product-type.bundle.ui-testing";
		};
/* End PBXNativeTarget section */

/* Begin PBXProject section */
		AF911A012611F9C7003A26FC /* Project object */ = {
			isa = PBXProject;
			attributes = {
				LastSwiftUpdateCheck = 1240;
				LastUpgradeCheck = 1240;
				TargetAttributes = {
					AF911A082611F9C7003A26FC = {
						CreatedOnToolsVersion = 12.4;
					};
					AF911A1E2611F9C8003A26FC = {
						CreatedOnToolsVersion = 12.4;
						TestTargetID = AF911A082611F9C7003A26FC;
					};
					AF911A292611F9C8003A26FC = {
						CreatedOnToolsVersion = 12.4;
						TestTargetID = AF911A082611F9C7003A26FC;
					};
				};
			};
			buildConfigurationList = AF911A042611F9C7003A26FC /* Build configuration list for PBXProject "Drynk" */;
			compatibilityVersion = "Xcode 9.3";
			developmentRegion = en;
			hasScannedForEncodings = 0;
			knownRegions = (
				en,
				Base,
			);
			mainGroup = AF911A002611F9C7003A26FC;
			productRefGroup = AF911A0A2611F9C7003A26FC /* Products */;
			projectDirPath = "";
			projectRoot = "";
			targets = (
				AF911A082611F9C7003A26FC /* Drynk */,
				AF911A1E2611F9C8003A26FC /* DrynkTests */,
				AF911A292611F9C8003A26FC /* DrynkUITests */,
			);
		};
/* End PBXProject section */

/* Begin PBXResourcesBuildPhase section */
		AF911A072611F9C7003A26FC /* Resources */ = {
			isa = PBXResourcesBuildPhase;
			buildActionMask = 2147483647;
			files = (
				AF911A192611F9C8003A26FC /* LaunchScreen.storyboard in Resources */,
				AF911A162611F9C8003A26FC /* Assets.xcassets in Resources */,
				AF911A142611F9C7003A26FC /* Main.storyboard in Resources */,
			);
			runOnlyForDeploymentPostprocessing = 0;
		};
		AF911A1D2611F9C8003A26FC /* Resources */ = {
			isa = PBXResourcesBuildPhase;
			buildActionMask = 2147483647;
			files = (
			);
			runOnlyForDeploymentPostprocessing = 0;
		};
		AF911A282611F9C8003A26FC /* Resources */ = {
			isa = PBXResourcesBuildPhase;
			buildActionMask = 2147483647;
			files = (
			);
			runOnlyForDeploymentPostprocessing = 0;
		};
/* End PBXResourcesBuildPhase section */

/* Begin PBXSourcesBuildPhase section */
		AF911A052611F9C7003A26FC /* Sources */ = {
			isa = PBXSourcesBuildPhase;
			buildActionMask = 2147483647;
			files = (
				AF911A112611F9C7003A26FC /* StartViewController.swift in Sources */,
				AF911A4D2611FFB9003A26FC /* AppConstants.swift in Sources */,
				AF911A57261205CA003A26FC /* UserData.swift in Sources */,
				AF911A0D2611F9C7003A26FC /* AppDelegate.swift in Sources */,
				AF911A522612054A003A26FC /* SetDetailsViewController.swift in Sources */,
				AF0A76FA26131C700049280F /* HistoryViewController.swift in Sources */,
				AF0A770426131DA50049280F /* DataModel.swift in Sources */,
				AF0A76FF26131C7F0049280F /* HistoryTableViewCell.swift in Sources */,
				AF0A76F226124E5B0049280F /* Local Notifications.swift in Sources */,
				AF911A402611FE86003A26FC /* Switcher.swift in Sources */,
				AF911A0F2611F9C7003A26FC /* SceneDelegate.swift in Sources */,
				AF911A482611FF6D003A26FC /* CountViewController.swift in Sources */,
				AF911A5C26120CEA003A26FC /* AlertTrigger.swift in Sources */,
			);
			runOnlyForDeploymentPostprocessing = 0;
		};
		AF911A1B2611F9C8003A26FC /* Sources */ = {
			isa = PBXSourcesBuildPhase;
			buildActionMask = 2147483647;
			files = (
				AF911A242611F9C8003A26FC /* DrynkTests.swift in Sources */,
			);
			runOnlyForDeploymentPostprocessing = 0;
		};
		AF911A262611F9C8003A26FC /* Sources */ = {
			isa = PBXSourcesBuildPhase;
			buildActionMask = 2147483647;
			files = (
				AF911A2F2611F9C8003A26FC /* DrynkUITests.swift in Sources */,
			);
			runOnlyForDeploymentPostprocessing = 0;
		};
/* End PBXSourcesBuildPhase section */

/* Begin PBXTargetDependency section */
		AF911A212611F9C8003A26FC /* PBXTargetDependency */ = {
			isa = PBXTargetDependency;
			target = AF911A082611F9C7003A26FC /* Drynk */;
			targetProxy = AF911A202611F9C8003A26FC /* PBXContainerItemProxy */;
		};
		AF911A2C2611F9C8003A26FC /* PBXTargetDependency */ = {
			isa = PBXTargetDependency;
			target = AF911A082611F9C7003A26FC /* Drynk */;
			targetProxy = AF911A2B2611F9C8003A26FC /* PBXContainerItemProxy */;
		};
/* End PBXTargetDependency section */

/* Begin PBXVariantGroup section */
		AF911A122611F9C7003A26FC /* Main.storyboard */ = {
			isa = PBXVariantGroup;
			children = (
				AF911A132611F9C7003A26FC /* Base */,
			);
			name = Main.storyboard;
			sourceTree = "<group>";
		};
		AF911A172611F9C8003A26FC /* LaunchScreen.storyboard */ = {
			isa = PBXVariantGroup;
			children = (
				AF911A182611F9C8003A26FC /* Base */,
			);
			name = LaunchScreen.storyboard;
			sourceTree = "<group>";
		};
/* End PBXVariantGroup section */

/* Begin XCBuildConfiguration section */
		AF911A312611F9C8003A26FC /* Debug */ = {
			isa = XCBuildConfiguration;
			buildSettings = {
				ALWAYS_SEARCH_USER_PATHS = NO;
				CLANG_ANALYZER_NONNULL = YES;
				CLANG_ANALYZER_NUMBER_OBJECT_CONVERSION = YES_AGGRESSIVE;
				CLANG_CXX_LANGUAGE_STANDARD = "gnu++14";
				CLANG_CXX_LIBRARY = "libc++";
				CLANG_ENABLE_MODULES = YES;
				CLANG_ENABLE_OBJC_ARC = YES;
				CLANG_ENABLE_OBJC_WEAK = YES;
				CLANG_WARN_BLOCK_CAPTURE_AUTORELEASING = YES;
				CLANG_WARN_BOOL_CONVERSION = YES;
				CLANG_WARN_COMMA = YES;
				CLANG_WARN_CONSTANT_CONVERSION = YES;
				CLANG_WARN_DEPRECATED_OBJC_IMPLEMENTATIONS = YES;
				CLANG_WARN_DIRECT_OBJC_ISA_USAGE = YES_ERROR;
				CLANG_WARN_DOCUMENTATION_COMMENTS = YES;
				CLANG_WARN_EMPTY_BODY = YES;
				CLANG_WARN_ENUM_CONVERSION = YES;
				CLANG_WARN_INFINITE_RECURSION = YES;
				CLANG_WARN_INT_CONVERSION = YES;
				CLANG_WARN_NON_LITERAL_NULL_CONVERSION = YES;
				CLANG_WARN_OBJC_IMPLICIT_RETAIN_SELF = YES;
				CLANG_WARN_OBJC_LITERAL_CONVERSION = YES;
				CLANG_WARN_OBJC_ROOT_CLASS = YES_ERROR;
				CLANG_WARN_QUOTED_INCLUDE_IN_FRAMEWORK_HEADER = YES;
				CLANG_WARN_RANGE_LOOP_ANALYSIS = YES;
				CLANG_WARN_STRICT_PROTOTYPES = YES;
				CLANG_WARN_SUSPICIOUS_MOVE = YES;
				CLANG_WARN_UNGUARDED_AVAILABILITY = YES_AGGRESSIVE;
				CLANG_WARN_UNREACHABLE_CODE = YES;
				CLANG_WARN__DUPLICATE_METHOD_MATCH = YES;
				COPY_PHASE_STRIP = NO;
				DEBUG_INFORMATION_FORMAT = dwarf;
				ENABLE_STRICT_OBJC_MSGSEND = YES;
				ENABLE_TESTABILITY = YES;
				GCC_C_LANGUAGE_STANDARD = gnu11;
				GCC_DYNAMIC_NO_PIC = NO;
				GCC_NO_COMMON_BLOCKS = YES;
				GCC_OPTIMIZATION_LEVEL = 0;
				GCC_PREPROCESSOR_DEFINITIONS = (
					"DEBUG=1",
					"$(inherited)",
				);
				GCC_WARN_64_TO_32_BIT_CONVERSION = YES;
				GCC_WARN_ABOUT_RETURN_TYPE = YES_ERROR;
				GCC_WARN_UNDECLARED_SELECTOR = YES;
				GCC_WARN_UNINITIALIZED_AUTOS = YES_AGGRESSIVE;
				GCC_WARN_UNUSED_FUNCTION = YES;
				GCC_WARN_UNUSED_VARIABLE = YES;
				IPHONEOS_DEPLOYMENT_TARGET = 14.4;
				MTL_ENABLE_DEBUG_INFO = INCLUDE_SOURCE;
				MTL_FAST_MATH = YES;
				ONLY_ACTIVE_ARCH = YES;
				SDKROOT = iphoneos;
				SWIFT_ACTIVE_COMPILATION_CONDITIONS = DEBUG;
				SWIFT_OPTIMIZATION_LEVEL = "-Onone";
			};
			name = Debug;
		};
		AF911A322611F9C8003A26FC /* Release */ = {
			isa = XCBuildConfiguration;
			buildSettings = {
				ALWAYS_SEARCH_USER_PATHS = NO;
				CLANG_ANALYZER_NONNULL = YES;
				CLANG_ANALYZER_NUMBER_OBJECT_CONVERSION = YES_AGGRESSIVE;
				CLANG_CXX_LANGUAGE_STANDARD = "gnu++14";
				CLANG_CXX_LIBRARY = "libc++";
				CLANG_ENABLE_MODULES = YES;
				CLANG_ENABLE_OBJC_ARC = YES;
				CLANG_ENABLE_OBJC_WEAK = YES;
				CLANG_WARN_BLOCK_CAPTURE_AUTORELEASING = YES;
				CLANG_WARN_BOOL_CONVERSION = YES;
				CLANG_WARN_COMMA = YES;
				CLANG_WARN_CONSTANT_CONVERSION = YES;
				CLANG_WARN_DEPRECATED_OBJC_IMPLEMENTATIONS = YES;
				CLANG_WARN_DIRECT_OBJC_ISA_USAGE = YES_ERROR;
				CLANG_WARN_DOCUMENTATION_COMMENTS = YES;
				CLANG_WARN_EMPTY_BODY = YES;
				CLANG_WARN_ENUM_CONVERSION = YES;
				CLANG_WARN_INFINITE_RECURSION = YES;
				CLANG_WARN_INT_CONVERSION = YES;
				CLANG_WARN_NON_LITERAL_NULL_CONVERSION = YES;
				CLANG_WARN_OBJC_IMPLICIT_RETAIN_SELF = YES;
				CLANG_WARN_OBJC_LITERAL_CONVERSION = YES;
				CLANG_WARN_OBJC_ROOT_CLASS = YES_ERROR;
				CLANG_WARN_QUOTED_INCLUDE_IN_FRAMEWORK_HEADER = YES;
				CLANG_WARN_RANGE_LOOP_ANALYSIS = YES;
				CLANG_WARN_STRICT_PROTOTYPES = YES;
				CLANG_WARN_SUSPICIOUS_MOVE = YES;
				CLANG_WARN_UNGUARDED_AVAILABILITY = YES_AGGRESSIVE;
				CLANG_WARN_UNREACHABLE_CODE = YES;
				CLANG_WARN__DUPLICATE_METHOD_MATCH = YES;
				COPY_PHASE_STRIP = NO;
				DEBUG_INFORMATION_FORMAT = "dwarf-with-dsym";
				ENABLE_NS_ASSERTIONS = NO;
				ENABLE_STRICT_OBJC_MSGSEND = YES;
				GCC_C_LANGUAGE_STANDARD = gnu11;
				GCC_NO_COMMON_BLOCKS = YES;
				GCC_WARN_64_TO_32_BIT_CONVERSION = YES;
				GCC_WARN_ABOUT_RETURN_TYPE = YES_ERROR;
				GCC_WARN_UNDECLARED_SELECTOR = YES;
				GCC_WARN_UNINITIALIZED_AUTOS = YES_AGGRESSIVE;
				GCC_WARN_UNUSED_FUNCTION = YES;
				GCC_WARN_UNUSED_VARIABLE = YES;
				IPHONEOS_DEPLOYMENT_TARGET = 14.4;
				MTL_ENABLE_DEBUG_INFO = NO;
				MTL_FAST_MATH = YES;
				SDKROOT = iphoneos;
				SWIFT_COMPILATION_MODE = wholemodule;
				SWIFT_OPTIMIZATION_LEVEL = "-O";
				VALIDATE_PRODUCT = YES;
			};
			name = Release;
		};
		AF911A342611F9C8003A26FC /* Debug */ = {
			isa = XCBuildConfiguration;
			buildSettings = {
				ASSETCATALOG_COMPILER_APPICON_NAME = AppIcon;
				ASSETCATALOG_COMPILER_GLOBAL_ACCENT_COLOR_NAME = AccentColor;
				CODE_SIGN_STYLE = Automatic;
				DEVELOPMENT_TEAM = 5966D3T864;
				INFOPLIST_FILE = "$(SRCROOT)/Drynk/Utilities/Info.plist";
				LD_RUNPATH_SEARCH_PATHS = (
					"$(inherited)",
					"@executable_path/Frameworks",
				);
				PRODUCT_BUNDLE_IDENTIFIER = co.fakeyudi.Drynk;
				PRODUCT_NAME = "$(TARGET_NAME)";
				SWIFT_VERSION = 5.0;
				TARGETED_DEVICE_FAMILY = "1,2";
			};
			name = Debug;
		};
		AF911A352611F9C8003A26FC /* Release */ = {
			isa = XCBuildConfiguration;
			buildSettings = {
				ASSETCATALOG_COMPILER_APPICON_NAME = AppIcon;
				ASSETCATALOG_COMPILER_GLOBAL_ACCENT_COLOR_NAME = AccentColor;
				CODE_SIGN_STYLE = Automatic;
				DEVELOPMENT_TEAM = 5966D3T864;
				INFOPLIST_FILE = "$(SRCROOT)/Drynk/Utilities/Info.plist";
				LD_RUNPATH_SEARCH_PATHS = (
					"$(inherited)",
					"@executable_path/Frameworks",
				);
				PRODUCT_BUNDLE_IDENTIFIER = co.fakeyudi.Drynk;
				PRODUCT_NAME = "$(TARGET_NAME)";
				SWIFT_VERSION = 5.0;
				TARGETED_DEVICE_FAMILY = "1,2";
			};
			name = Release;
		};
		AF911A372611F9C8003A26FC /* Debug */ = {
			isa = XCBuildConfiguration;
			buildSettings = {
				ALWAYS_EMBED_SWIFT_STANDARD_LIBRARIES = YES;
				BUNDLE_LOADER = "$(TEST_HOST)";
				CODE_SIGN_STYLE = Automatic;
				DEVELOPMENT_TEAM = 5966D3T864;
				INFOPLIST_FILE = DrynkTests/Info.plist;
				IPHONEOS_DEPLOYMENT_TARGET = 14.4;
				LD_RUNPATH_SEARCH_PATHS = (
					"$(inherited)",
					"@executable_path/Frameworks",
					"@loader_path/Frameworks",
				);
				PRODUCT_BUNDLE_IDENTIFIER = co.fakeyudi.DrynkTests;
				PRODUCT_NAME = "$(TARGET_NAME)";
				SWIFT_VERSION = 5.0;
				TARGETED_DEVICE_FAMILY = "1,2";
				TEST_HOST = "$(BUILT_PRODUCTS_DIR)/Drynk.app/Drynk";
			};
			name = Debug;
		};
		AF911A382611F9C8003A26FC /* Release */ = {
			isa = XCBuildConfiguration;
			buildSettings = {
				ALWAYS_EMBED_SWIFT_STANDARD_LIBRARIES = YES;
				BUNDLE_LOADER = "$(TEST_HOST)";
				CODE_SIGN_STYLE = Automatic;
				DEVELOPMENT_TEAM = 5966D3T864;
				INFOPLIST_FILE = DrynkTests/Info.plist;
				IPHONEOS_DEPLOYMENT_TARGET = 14.4;
				LD_RUNPATH_SEARCH_PATHS = (
					"$(inherited)",
					"@executable_path/Frameworks",
					"@loader_path/Frameworks",
				);
				PRODUCT_BUNDLE_IDENTIFIER = co.fakeyudi.DrynkTests;
				PRODUCT_NAME = "$(TARGET_NAME)";
				SWIFT_VERSION = 5.0;
				TARGETED_DEVICE_FAMILY = "1,2";
				TEST_HOST = "$(BUILT_PRODUCTS_DIR)/Drynk.app/Drynk";
			};
			name = Release;
		};
		AF911A3A2611F9C8003A26FC /* Debug */ = {
			isa = XCBuildConfiguration;
			buildSettings = {
				ALWAYS_EMBED_SWIFT_STANDARD_LIBRARIES = YES;
				CODE_SIGN_STYLE = Automatic;
				DEVELOPMENT_TEAM = 5966D3T864;
				INFOPLIST_FILE = DrynkUITests/Info.plist;
				LD_RUNPATH_SEARCH_PATHS = (
					"$(inherited)",
					"@executable_path/Frameworks",
					"@loader_path/Frameworks",
				);
				PRODUCT_BUNDLE_IDENTIFIER = co.fakeyudi.DrynkUITests;
				PRODUCT_NAME = "$(TARGET_NAME)";
				SWIFT_VERSION = 5.0;
				TARGETED_DEVICE_FAMILY = "1,2";
				TEST_TARGET_NAME = Drynk;
			};
			name = Debug;
		};
		AF911A3B2611F9C8003A26FC /* Release */ = {
			isa = XCBuildConfiguration;
			buildSettings = {
				ALWAYS_EMBED_SWIFT_STANDARD_LIBRARIES = YES;
				CODE_SIGN_STYLE = Automatic;
				DEVELOPMENT_TEAM = 5966D3T864;
				INFOPLIST_FILE = DrynkUITests/Info.plist;
				LD_RUNPATH_SEARCH_PATHS = (
					"$(inherited)",
					"@executable_path/Frameworks",
					"@loader_path/Frameworks",
				);
				PRODUCT_BUNDLE_IDENTIFIER = co.fakeyudi.DrynkUITests;
				PRODUCT_NAME = "$(TARGET_NAME)";
				SWIFT_VERSION = 5.0;
				TARGETED_DEVICE_FAMILY = "1,2";
				TEST_TARGET_NAME = Drynk;
			};
			name = Release;
		};
/* End XCBuildConfiguration section */

/* Begin XCConfigurationList section */
		AF911A042611F9C7003A26FC /* Build configuration list for PBXProject "Drynk" */ = {
			isa = XCConfigurationList;
			buildConfigurations = (
				AF911A312611F9C8003A26FC /* Debug */,
				AF911A322611F9C8003A26FC /* Release */,
			);
			defaultConfigurationIsVisible = 0;
			defaultConfigurationName = Release;
		};
		AF911A332611F9C8003A26FC /* Build configuration list for PBXNativeTarget "Drynk" */ = {
			isa = XCConfigurationList;
			buildConfigurations = (
				AF911A342611F9C8003A26FC /* Debug */,
				AF911A352611F9C8003A26FC /* Release */,
			);
			defaultConfigurationIsVisible = 0;
			defaultConfigurationName = Release;
		};
		AF911A362611F9C8003A26FC /* Build configuration list for PBXNativeTarget "DrynkTests" */ = {
			isa = XCConfigurationList;
			buildConfigurations = (
				AF911A372611F9C8003A26FC /* Debug */,
				AF911A382611F9C8003A26FC /* Release */,
			);
			defaultConfigurationIsVisible = 0;
			defaultConfigurationName = Release;
		};
		AF911A392611F9C8003A26FC /* Build configuration list for PBXNativeTarget "DrynkUITests" */ = {
			isa = XCConfigurationList;
			buildConfigurations = (
				AF911A3A2611F9C8003A26FC /* Debug */,
				AF911A3B2611F9C8003A26FC /* Release */,
			);
			defaultConfigurationIsVisible = 0;
			defaultConfigurationName = Release;
		};
/* End XCConfigurationList section */
	};
	rootObject = AF911A012611F9C7003A26FC /* Project object */;
}
